
Microsoft Visual Studio Solution File, Format Version 12.00
# Visual Studio Version 17
VisualStudioVersion = 17.9.34728.123
MinimumVisualStudioVersion = 10.0.40219.1
Project("{FAE04EC0-301F-11D3-BF4B-00C04F79EFBC}") = "P448-Expansion-MakingItYours(BossChallenge)", "P448-Expansion-MakingItYours(BossChallenge).csproj", "{6AE591E5-2C4E-40C8-9320-09CA6C853878}"
EndProject
Global
	GlobalSection(SolutionConfigurationPlatforms) = preSolution
		Debug|Any CPU = Debug|Any CPU
		Release|Any CPU = Release|Any CPU
	EndGlobalSection
	GlobalSection(ProjectConfigurationPlatforms) = postSolution
		{6AE591E5-2C4E-40C8-9320-09CA6C853878}.Debug|Any CPU.ActiveCfg = Debug|Any CPU
		{6AE591E5-2C4E-40C8-9320-09CA6C853878}.Debug|Any CPU.Build.0 = Debug|Any CPU
		{6AE591E5-2C4E-40C8-9320-09CA6C853878}.Release|Any CPU.ActiveCfg = Release|Any CPU
		{6AE591E5-2C4E-40C8-9320-09CA6C853878}.Release|Any CPU.Build.0 = Release|Any CPU
	EndGlobalSection
	GlobalSection(SolutionProperties) = preSolution
		HideSolutionNode = FALSE
	EndGlobalSection
	GlobalSection(ExtensibilityGlobals) = postSolution
		SolutionGuid = {FEE59909-8829-454F-A622-1B695BCED1FF}
	EndGlobalSection
EndGlobal
